
Microsoft Visual Studio Solution File, Format Version 12.00
# Visual Studio Version 17
VisualStudioVersion = 17.0.32112.339
MinimumVisualStudioVersion = 10.0.40219.1
Project("{FAE04EC0-301F-11D3-BF4B-00C04F79EFBC}") = "BlazorApp.Server", "BlazorApp\Server\BlazorApp.Server.csproj", "{59067BCB-70ED-4796-8A76-1E20E770DABC}"
EndProject
Project("{FAE04EC0-301F-11D3-BF4B-00C04F79EFBC}") = "BlazorApp.Client", "BlazorApp\Client\BlazorApp.Client.csproj", "{1C44A0E9-4AF4-4692-A28A-285B24289BE7}"
EndProject
Project("{FAE04EC0-301F-11D3-BF4B-00C04F79EFBC}") = "BlazorApp.Shared", "BlazorApp\Shared\BlazorApp.Shared.csproj", "{D597E133-B089-43D6-AC44-0441343A9DB7}"
EndProject
Global
	GlobalSection(SolutionConfigurationPlatforms) = preSolution
		Debug|Any CPU = Debug|Any CPU
		Release|Any CPU = Release|Any CPU
	EndGlobalSection
	GlobalSection(ProjectConfigurationPlatforms) = postSolution
		{59067BCB-70ED-4796-8A76-1E20E770DABC}.Debug|Any CPU.ActiveCfg = Debug|Any CPU
		{59067BCB-70ED-4796-8A76-1E20E770DABC}.Debug|Any CPU.Build.0 = Debug|Any CPU
		{59067BCB-70ED-4796-8A76-1E20E770DABC}.Release|Any CPU.ActiveCfg = Release|Any CPU
		{59067BCB-70ED-4796-8A76-1E20E770DABC}.Release|Any CPU.Build.0 = Release|Any CPU
		{1C44A0E9-4AF4-4692-A28A-285B24289BE7}.Debug|Any CPU.ActiveCfg = Debug|Any CPU
		{1C44A0E9-4AF4-4692-A28A-285B24289BE7}.Debug|Any CPU.Build.0 = Debug|Any CPU
		{1C44A0E9-4AF4-4692-A28A-285B24289BE7}.Release|Any CPU.ActiveCfg = Release|Any CPU
		{1C44A0E9-4AF4-4692-A28A-285B24289BE7}.Release|Any CPU.Build.0 = Release|Any CPU
		{D597E133-B089-43D6-AC44-0441343A9DB7}.Debug|Any CPU.ActiveCfg = Debug|Any CPU
		{D597E133-B089-43D6-AC44-0441343A9DB7}.Debug|Any CPU.Build.0 = Debug|Any CPU
		{D597E133-B089-43D6-AC44-0441343A9DB7}.Release|Any CPU.ActiveCfg = Release|Any CPU
		{D597E133-B089-43D6-AC44-0441343A9DB7}.Release|Any CPU.Build.0 = Release|Any CPU
	EndGlobalSection
	GlobalSection(SolutionProperties) = preSolution
		HideSolutionNode = FALSE
	EndGlobalSection
	GlobalSection(ExtensibilityGlobals) = postSolution
		SolutionGuid = {8F90A255-50E9-418E-B459-8A1B1AC9E9A3}
	EndGlobalSection
EndGlobal
